
Microsoft Visual Studio Solution File, Format Version 12.00
# Visual Studio Version 16
VisualStudioVersion = 16.0.29709.97
MinimumVisualStudioVersion = 10.0.40219.1
Project("{FAE04EC0-301F-11D3-BF4B-00C04F79EFBC}") = "core_api", "core_api.csproj", "{367C2BD1-16FB-48C5-83E8-7EA900421096}"
EndProject
Global
	GlobalSection(SolutionConfigurationPlatforms) = preSolution
		Debug|Any CPU = Debug|Any CPU
		Release|Any CPU = Release|Any CPU
	EndGlobalSection
	GlobalSection(ProjectConfigurationPlatforms) = postSolution
		{367C2BD1-16FB-48C5-83E8-7EA900421096}.Debug|Any CPU.ActiveCfg = Debug|Any CPU
		{367C2BD1-16FB-48C5-83E8-7EA900421096}.Debug|Any CPU.Build.0 = Debug|Any CPU
		{367C2BD1-16FB-48C5-83E8-7EA900421096}.Release|Any CPU.ActiveCfg = Release|Any CPU
		{367C2BD1-16FB-48C5-83E8-7EA900421096}.Release|Any CPU.Build.0 = Release|Any CPU
	EndGlobalSection
	GlobalSection(SolutionProperties) = preSolution
		HideSolutionNode = FALSE
	EndGlobalSection
	GlobalSection(ExtensibilityGlobals) = postSolution
		SolutionGuid = {C6C0E0FB-3A3E-4683-8EB9-C5ABA64C2AB5}
	EndGlobalSection
EndGlobal
